
Microsoft Visual Studio Solution File, Format Version 12.00
# Visual Studio Version 17
VisualStudioVersion = 17.8.34309.116
MinimumVisualStudioVersion = 10.0.40219.1
Project("{FAE04EC0-301F-11D3-BF4B-00C04F79EFBC}") = "DoomedOfTheDeath", "DoomedOfTheDeath\DoomedOfTheDeath.csproj", "{7301E5FC-08E5-41F5-B7B3-3455E8EE217D}"
EndProject
Global
	GlobalSection(SolutionConfigurationPlatforms) = preSolution
		Debug|Any CPU = Debug|Any CPU
		Release|Any CPU = Release|Any CPU
	EndGlobalSection
	GlobalSection(ProjectConfigurationPlatforms) = postSolution
		{7301E5FC-08E5-41F5-B7B3-3455E8EE217D}.Debug|Any CPU.ActiveCfg = Debug|Any CPU
		{7301E5FC-08E5-41F5-B7B3-3455E8EE217D}.Debug|Any CPU.Build.0 = Debug|Any CPU
		{7301E5FC-08E5-41F5-B7B3-3455E8EE217D}.Release|Any CPU.ActiveCfg = Release|Any CPU
		{7301E5FC-08E5-41F5-B7B3-3455E8EE217D}.Release|Any CPU.Build.0 = Release|Any CPU
	EndGlobalSection
	GlobalSection(SolutionProperties) = preSolution
		HideSolutionNode = FALSE
	EndGlobalSection
	GlobalSection(ExtensibilityGlobals) = postSolution
		SolutionGuid = {E79050CB-FEE3-44BF-82E5-E3A999BB5357}
	EndGlobalSection
EndGlobal
